
Microsoft Visual Studio Solution File, Format Version 12.00
# Visual Studio 2012
Project("{FAE04EC0-301F-11D3-BF4B-00C04F79EFBC}") = "RT", "RT\RT.csproj", "{8ABCF9FB-E5D4-490D-BF9A-5EE8D7FB947B}"
EndProject
Project("{FAE04EC0-301F-11D3-BF4B-00C04F79EFBC}") = "ReportList", "..\RTRepts\Reports\ReportList.csproj", "{84DD8AE5-7408-488E-9A4E-9147F5B6F59B}"
EndProject
Global
	GlobalSection(SolutionConfigurationPlatforms) = preSolution
		Debug|Any CPU = Debug|Any CPU
		Release|Any CPU = Release|Any CPU
	EndGlobalSection
	GlobalSection(ProjectConfigurationPlatforms) = postSolution
		{8ABCF9FB-E5D4-490D-BF9A-5EE8D7FB947B}.Debug|Any CPU.ActiveCfg = Debug|Any CPU
		{8ABCF9FB-E5D4-490D-BF9A-5EE8D7FB947B}.Debug|Any CPU.Build.0 = Debug|Any CPU
		{8ABCF9FB-E5D4-490D-BF9A-5EE8D7FB947B}.Release|Any CPU.ActiveCfg = Release|Any CPU
		{8ABCF9FB-E5D4-490D-BF9A-5EE8D7FB947B}.Release|Any CPU.Build.0 = Release|Any CPU
		{84DD8AE5-7408-488E-9A4E-9147F5B6F59B}.Debug|Any CPU.ActiveCfg = Debug|Any CPU
		{84DD8AE5-7408-488E-9A4E-9147F5B6F59B}.Debug|Any CPU.Build.0 = Debug|Any CPU
		{84DD8AE5-7408-488E-9A4E-9147F5B6F59B}.Release|Any CPU.ActiveCfg = Release|Any CPU
		{84DD8AE5-7408-488E-9A4E-9147F5B6F59B}.Release|Any CPU.Build.0 = Release|Any CPU
	EndGlobalSection
	GlobalSection(SolutionProperties) = preSolution
		HideSolutionNode = FALSE
	EndGlobalSection
EndGlobal
